
Microsoft Visual Studio Solution File, Format Version 12.00
# Visual Studio 2012
Project("{FAE04EC0-301F-11D3-BF4B-00C04F79EFBC}") = "Movies", "Movies\Movies.csproj", "{F7D37ED6-730F-4E46-8684-27FB8F85D537}"
EndProject
Project("{FAE04EC0-301F-11D3-BF4B-00C04F79EFBC}") = "DatabaseConsolTest", "DatabaseConsolTest\DatabaseConsolTest.csproj", "{4D24505B-6760-4199-9E05-31DE251B4923}"
EndProject
Project("{FAE04EC0-301F-11D3-BF4B-00C04F79EFBC}") = "DatabaseExtender", "DatabaseExtender\DatabaseExtender.csproj", "{D15841AC-B248-4059-84A4-04B7D08C7073}"
EndProject
Global
	GlobalSection(SolutionConfigurationPlatforms) = preSolution
		Debug|Any CPU = Debug|Any CPU
		Release|Any CPU = Release|Any CPU
	EndGlobalSection
	GlobalSection(ProjectConfigurationPlatforms) = postSolution
		{F7D37ED6-730F-4E46-8684-27FB8F85D537}.Debug|Any CPU.ActiveCfg = Debug|Any CPU
		{F7D37ED6-730F-4E46-8684-27FB8F85D537}.Debug|Any CPU.Build.0 = Debug|Any CPU
		{F7D37ED6-730F-4E46-8684-27FB8F85D537}.Release|Any CPU.ActiveCfg = Release|Any CPU
		{F7D37ED6-730F-4E46-8684-27FB8F85D537}.Release|Any CPU.Build.0 = Release|Any CPU
		{4D24505B-6760-4199-9E05-31DE251B4923}.Debug|Any CPU.ActiveCfg = Debug|Any CPU
		{4D24505B-6760-4199-9E05-31DE251B4923}.Debug|Any CPU.Build.0 = Debug|Any CPU
		{4D24505B-6760-4199-9E05-31DE251B4923}.Release|Any CPU.ActiveCfg = Release|Any CPU
		{4D24505B-6760-4199-9E05-31DE251B4923}.Release|Any CPU.Build.0 = Release|Any CPU
		{D15841AC-B248-4059-84A4-04B7D08C7073}.Debug|Any CPU.ActiveCfg = Debug|Any CPU
		{D15841AC-B248-4059-84A4-04B7D08C7073}.Debug|Any CPU.Build.0 = Debug|Any CPU
		{D15841AC-B248-4059-84A4-04B7D08C7073}.Release|Any CPU.ActiveCfg = Release|Any CPU
		{D15841AC-B248-4059-84A4-04B7D08C7073}.Release|Any CPU.Build.0 = Release|Any CPU
	EndGlobalSection
	GlobalSection(SolutionProperties) = preSolution
		HideSolutionNode = FALSE
	EndGlobalSection
EndGlobal
